
Microsoft Visual Studio Solution File, Format Version 12.00
# Visual Studio Version 17
VisualStudioVersion = 17.6.33829.357
MinimumVisualStudioVersion = 10.0.40219.1
Project("{FAE04EC0-301F-11D3-BF4B-00C04F79EFBC}") = "BlazorQuest", "BlazorQuest\BlazorQuest.csproj", "{5873FA6A-B086-4A18-A42D-1171C0CFB9D8}"
EndProject
Global
	GlobalSection(SolutionConfigurationPlatforms) = preSolution
		Debug|Any CPU = Debug|Any CPU
		Release|Any CPU = Release|Any CPU
	EndGlobalSection
	GlobalSection(ProjectConfigurationPlatforms) = postSolution
		{5873FA6A-B086-4A18-A42D-1171C0CFB9D8}.Debug|Any CPU.ActiveCfg = Debug|Any CPU
		{5873FA6A-B086-4A18-A42D-1171C0CFB9D8}.Debug|Any CPU.Build.0 = Debug|Any CPU
		{5873FA6A-B086-4A18-A42D-1171C0CFB9D8}.Release|Any CPU.ActiveCfg = Release|Any CPU
		{5873FA6A-B086-4A18-A42D-1171C0CFB9D8}.Release|Any CPU.Build.0 = Release|Any CPU
	EndGlobalSection
	GlobalSection(SolutionProperties) = preSolution
		HideSolutionNode = FALSE
	EndGlobalSection
	GlobalSection(ExtensibilityGlobals) = postSolution
		SolutionGuid = {61112100-E623-4412-A155-09E04E9325D5}
	EndGlobalSection
EndGlobal
